{
  "name": "AIShopVerse",
  "lockfileVersion": 3,
  "requires": true,
  "packages": {
    "": {
      "dependencies": {
        "@ngx-translate/core": "^18.0.0",
        "@ngx-translate/http-loader": "^18.0.0"
      }
    },
    "node_modules/@angular/common": {
      "version": "21.2.24",
      "resolved": "https://registry.npmjs.org/@angular/common/-/common-21.2.24.tgz",
      "integrity": "sha512-+olMzBBJHIGrFTUxKRksqtQ+KzBTifLOF+Er0ppRfjbTyYwdq4jfgZ9YjDQa00F/8Jcy2xzM1Nrlq5sIbqxAhg==",
      "license": "MIT",
      "peer": true,
      "dependencies": {
        "tslib": "^2.3.0"
      },
      "engines": {
        "node": "^20.19.0 || ^22.12.0 || >=24.0.0"
      },
      "peerDependencies": {
        "@angular/core": "21.2.24",
        "rxjs": "^6.5.3 || ^7.4.0"
      }
    },
    "node_modules/@angular/core": {
      "version": "21.2.24",
      "resolved": "https://registry.npmjs.org/@angular/core/-/core-21.2.24.tgz",
      "integrity": "sha512-wCSCNrcBolr2iws6eX8yMnePXvXMHzi3kFla7EoHiKGJBhKHz4g2+p5f4z/Q5mHVCglTsXEOldDhgFTv5pDDoQ==",
      "license": "MIT",
      "peer": true,
      "dependencies": {
        "tslib": "^2.3.0"
      },
      "engines": {
        "node": "^20.19.0 || ^22.12.0 || >=24.0.0"
      },
      "peerDependencies": {
        "@angular/compiler": "21.2.24",
        "rxjs": "^6.5.3 || ^7.4.0",
        "zone.js": "~0.15.0 || ~0.16.0"
      },
      "peerDependenciesMeta": {
        "@angular/compiler": {
          "optional": true
        },
        "zone.js": {
          "optional": true
        }
      }
    },
    "node_modules/@ngx-translate/core": {
      "version": "18.0.0",
      "resolved": "https://registry.npmjs.org/@ngx-translate/core/-/core-18.0.0.tgz",
      "integrity": "sha512-Z9u9AXaeuyeHHimivvJQvhal/LJNB+5tlH+FimSU4QQ61FrtRDqgyn6nfFbc6Cb+59NDZdsh4QeTJyPCldFUwA==",
      "license": "MIT",
      "peer": true,
      "dependencies": {
        "tslib": "^2.3.0"
      },
      "peerDependencies": {
        "@angular/common": ">=18",
        "@angular/core": ">=18",
        "rxjs": ">=7"
      }
    },
    "node_modules/@ngx-translate/http-loader": {
      "version": "18.0.0",
      "resolved": "https://registry.npmjs.org/@ngx-translate/http-loader/-/http-loader-18.0.0.tgz",
      "integrity": "sha512-p6QpNcU3rkCYjHbKVIadcYtml/Njpr0aLp8neJ4uJWQ4Xm9f09bIePhOjdjAFHupTptKqKrG1J2gSi3RSwgYeA==",
      "license": "MIT",
      "dependencies": {
        "tslib": "^2.3.0"
      },
      "peerDependencies": {
        "@angular/common": ">=18",
        "@angular/core": ">=18",
        "@ngx-translate/core": ">=18.0.0"
      }
    },
    "node_modules/rxjs": {
      "version": "7.8.2",
      "resolved": "https://registry.npmjs.org/rxjs/-/rxjs-7.8.2.tgz",
      "integrity": "sha512-dhKf903U/PQZY6boNNtAGdWbG85WAbjT/1xYoZIC7FAY0yWapOBQVsVrDl58W86//e1VpMNBtRV4MaXfdMySFA==",
      "license": "Apache-2.0",
      "peer": true,
      "dependencies": {
        "tslib": "^2.1.0"
      }
    },
    "node_modules/tslib": {
      "version": "2.8.1",
      "resolved": "https://registry.npmjs.org/tslib/-/tslib-2.8.1.tgz",
      "integrity": "sha512-oJFu94HQb+KVduSUQL7wnpmqnfmLsOA/nAh6b6EH0wCEoK0/mPeXU6c3wKDV83MkOuHPRHtSXKKU99IBazS/2w==",
      "license": "0BSD"
    }
  }
}
